
Microsoft Visual Studio Solution File, Format Version 12.00
# Visual Studio Version 17
VisualStudioVersion = 17.2.32630.192
MinimumVisualStudioVersion = 10.0.40219.1
Project("{2150E333-8FDC-42A3-9474-1A3956D46DE8}") = "IdentityServer", "IdentityServer", "{FE94EF2E-553E-45D0-9061-1321573142B1}"
EndProject
Project("{9A19103F-16F7-4668-BE54-9A1E7A4F7556}") = "NovinMeyar.IdentityServer.DataLayer", "IdentityServer\NovinMeyar.IdentityServer.DataLayer\NovinMeyar.IdentityServer.DataLayer.csproj", "{EFCDFFFF-9232-482C-96A2-2E00FB5A4FD1}"
EndProject
Project("{9A19103F-16F7-4668-BE54-9A1E7A4F7556}") = "NovinMeyar.IdentityServer.Server", "IdentityServer\NovinMeyar.IdentityServer.Server\NovinMeyar.IdentityServer.Server.csproj", "{DB46D2AA-C721-4881-8066-D89121B592C3}"
EndProject
Project("{2150E333-8FDC-42A3-9474-1A3956D46DE8}") = "Technical", "Technical", "{B5599D09-1F49-4944-8F82-0F6C1FA997A7}"
EndProject
Project("{9A19103F-16F7-4668-BE54-9A1E7A4F7556}") = "NovinMeyar.Technical.DataLayer", "Technical\NovinMeyar.Technical.DataLayer\NovinMeyar.Technical.DataLayer.csproj", "{12713B1E-403F-40D6-8709-C0671CD15C4A}"
EndProject
Project("{2150E333-8FDC-42A3-9474-1A3956D46DE8}") = "ApiGateways", "ApiGateways", "{7B52333E-D9DB-41DF-904B-C430EC0428DD}"
EndProject
Project("{2150E333-8FDC-42A3-9474-1A3956D46DE8}") = "Services", "Services", "{142E13FA-5E38-48C5-A790-C6D1EBA58ADF}"
EndProject
Project("{9A19103F-16F7-4668-BE54-9A1E7A4F7556}") = "NovinMeyar.Technical.Api", "Technical\NovinMeyar.Technical.Api\NovinMeyar.Technical.Api.csproj", "{1877B1C0-3266-4017-AF7E-0466551CBE08}"
EndProject
Project("{2150E333-8FDC-42A3-9474-1A3956D46DE8}") = "Cartabl", "Cartabl", "{E13968C0-E45A-43CB-9871-DA1B3776E46E}"
EndProject
Project("{9A19103F-16F7-4668-BE54-9A1E7A4F7556}") = "NovinMeyar.Cartabl.Api", "Cartabl\NovinMeyar.Cartabl.Api\NovinMeyar.Cartabl.Api.csproj", "{46F0581B-AA1B-4D6A-AD97-9C90DBD1FA78}"
EndProject
Project("{9A19103F-16F7-4668-BE54-9A1E7A4F7556}") = "NovinMeyar.Cartabl.DataLayer", "Cartabl\NovinMeyar.Cartabl.DataLayer\NovinMeyar.Cartabl.DataLayer.csproj", "{E6CCC145-3955-44D0-A2C7-1CB339194BB2}"
EndProject
Project("{2150E333-8FDC-42A3-9474-1A3956D46DE8}") = "FileManagment", "FileManagment", "{6A3E5D5D-3E05-47CE-BE1D-717880F29FC8}"
EndProject
Project("{9A19103F-16F7-4668-BE54-9A1E7A4F7556}") = "NovinMeyar.FileManagment.Api", "FileManagment\NovinMeyar.FileManagment.Api\NovinMeyar.FileManagment.Api.csproj", "{D024BC46-BCA4-428A-A6DA-C556263740E5}"
EndProject
Project("{9A19103F-16F7-4668-BE54-9A1E7A4F7556}") = "NovinMeyar.FileManagment.DataLayer", "FileManagment\NovinMeyar.FileManagment.DataLayer\NovinMeyar.FileManagment.DataLayer.csproj", "{29A85ECF-1D13-412B-A520-5D85347D7A4F}"
EndProject
Project("{2150E333-8FDC-42A3-9474-1A3956D46DE8}") = "Customer", "Customer", "{7234CB4F-0356-45D2-AFEF-FA8E3F2113A5}"
EndProject
Project("{9A19103F-16F7-4668-BE54-9A1E7A4F7556}") = "NovinMeyar.Customer.Api", "Customer\NovinMeyar.Customer.Api\NovinMeyar.Customer.Api.csproj", "{9B5AF4C8-A405-4945-BDE6-0AA6881E22F9}"
EndProject
Project("{9A19103F-16F7-4668-BE54-9A1E7A4F7556}") = "NovinMeyar.Customer.DataLayer", "Customer\NovinMeyar.Customer.DataLayer\NovinMeyar.Customer.DataLayer.csproj", "{2797817C-873C-4A8E-9F5C-D0AF862FAB0D}"
EndProject
Project("{2150E333-8FDC-42A3-9474-1A3956D46DE8}") = "Common", "Common", "{C9D4A490-7368-4AFD-A929-9D4AA9528554}"
EndProject
Project("{9A19103F-16F7-4668-BE54-9A1E7A4F7556}") = "NovinMeyar.Common.Api", "Common\NovinMeyar.Common.Api\NovinMeyar.Common.Api.csproj", "{479C4228-89A7-4480-9033-FA1F61DAA443}"
EndProject
Project("{9A19103F-16F7-4668-BE54-9A1E7A4F7556}") = "NovinMeyar.Common.DataLayer", "Common\NovinMeyar.Common.DataLayer\NovinMeyar.Common.DataLayer.csproj", "{C77AC0D9-7D39-49E7-B6AD-BFB24588D97C}"
EndProject
Project("{2150E333-8FDC-42A3-9474-1A3956D46DE8}") = "Notification", "Notification", "{A63F97C5-AF92-4AC0-8A30-BAA4DDDE6B4B}"
EndProject
Project("{9A19103F-16F7-4668-BE54-9A1E7A4F7556}") = "NovinMeyar.Notification.Api", "Notification\NovinMeyar.Notification.Api\NovinMeyar.Notification.Api.csproj", "{7865B5CF-5E93-42E4-8949-63099C1BDD95}"
EndProject
Project("{9A19103F-16F7-4668-BE54-9A1E7A4F7556}") = "NovinMeyar.Notification.DataLayer", "Notification\NovinMeyar.Notification.DataLayer\NovinMeyar.Notification.DataLayer.csproj", "{54EB35E5-6F14-4F73-B253-7DC6FF0424D7}"
EndProject
Project("{2150E333-8FDC-42A3-9474-1A3956D46DE8}") = "Finance", "Finance", "{4FA6E965-6FFB-4698-9466-887423D4BE8E}"
EndProject
Project("{9A19103F-16F7-4668-BE54-9A1E7A4F7556}") = "NovinMeyar.Finance.DataLayer", "Finance\NovinMeyar.Finance.DataLayer\NovinMeyar.Finance.DataLayer.csproj", "{FB9D6667-EC42-4F63-9A3D-94EB3FD13AB9}"
EndProject
Project("{9A19103F-16F7-4668-BE54-9A1E7A4F7556}") = "NovinMeyar.Technical.Test", "Technical\NovinMeyar.Technical.Test\NovinMeyar.Technical.Test\NovinMeyar.Technical.Test.csproj", "{3099A8D9-6A3C-43B0-B2BE-198418B4C882}"
EndProject
Project("{9A19103F-16F7-4668-BE54-9A1E7A4F7556}") = "NovinMeyar.Technical.Domain", "Technical\NovinMeyar.Technical.Domain\NovinMeyar.Technical.Domain\NovinMeyar.Technical.Domain.csproj", "{C3397E35-2800-43C8-A755-83DC18F00B41}"
EndProject
Project("{9A19103F-16F7-4668-BE54-9A1E7A4F7556}") = "NovinMeyar.IdentityServer.Domain", "IdentityServer\NovinMeyar.IdentityServer.Domain\NovinMeyar.IdentityServer.Domain\NovinMeyar.IdentityServer.Domain.csproj", "{94410438-C819-40BF-BC6D-BB7FEF52682F}"
EndProject
Project("{2150E333-8FDC-42A3-9474-1A3956D46DE8}") = "Common", "Common", "{519796A3-8E2F-48E5-8A40-E96684B7E527}"
EndProject
Project("{9A19103F-16F7-4668-BE54-9A1E7A4F7556}") = "NovinMeyar.Common", "MessageBroker\NovinMeyar.MessageBroker.ShareModels\NovinMeyar.Common.csproj", "{FE11D7A9-E51C-4DE8-ACFF-26D6A3241106}"
EndProject
Project("{9A19103F-16F7-4668-BE54-9A1E7A4F7556}") = "NovinMeyar.FileManagment.Domain", "FileManagment\NovinMeyar.FileManagment.Domain\NovinMeyar.FileManagment.Domain\NovinMeyar.FileManagment.Domain.csproj", "{239260AC-63BF-409E-92E5-963F95C72DDD}"
EndProject
Project("{9A19103F-16F7-4668-BE54-9A1E7A4F7556}") = "NovinMeyar.Customer.Domain", "Customer\NovinMeyar.Customer.Domain\NovinMeyar.Customer.Domain\NovinMeyar.Customer.Domain.csproj", "{20337C35-5E00-4376-B33D-8773317529A4}"
EndProject
Project("{9A19103F-16F7-4668-BE54-9A1E7A4F7556}") = "NovinMeyar.Cartabl.Domain", "Cartabl\NovinMeyar.Cartabl.Domain\NovinMeyar.Cartabl.Domain\NovinMeyar.Cartabl.Domain.csproj", "{0EF930D3-8F3B-420C-9481-113D703B7ECB}"
EndProject
Project("{9A19103F-16F7-4668-BE54-9A1E7A4F7556}") = "NovinMeyar.Common.Domain", "Common\NovinMeyar.Common.Domain\NovinMeyar.Common.Domain\NovinMeyar.Common.Domain.csproj", "{E7E3D604-E399-475D-B47D-DED2B57AA811}"
EndProject
Project("{2150E333-8FDC-42A3-9474-1A3956D46DE8}") = "Documents", "Documents", "{901A1C60-7508-4CC1-8617-D3341FAEA8AC}"
	ProjectSection(SolutionItems) = preProject
		Documents\1.jpeg = Documents\1.jpeg
		Documents\2.jpeg = Documents\2.jpeg
		Documents\ChangedCompleteModelFields.docx = Documents\ChangedCompleteModelFields.docx
		Documents\F-82 چک لیست بازرسی آسانسور .docx = Documents\F-82 چک لیست بازرسی آسانسور .docx
		Documents\WhatsApp Image 2022-03-17 at 3.01.31 PM.jpeg = Documents\WhatsApp Image 2022-03-17 at 3.01.31 PM.jpeg
		Documents\WhatsApp Image 2022-03-17 at 3.01.32 PM.jpeg = Documents\WhatsApp Image 2022-03-17 at 3.01.32 PM.jpeg
		Documents\WhatsApp Image 2022-03-17 at 3.01.33 PM.jpeg = Documents\WhatsApp Image 2022-03-17 at 3.01.33 PM.jpeg
		Documents\WhatsApp Image 2022-03-17 at 3.01.35 PM.jpeg = Documents\WhatsApp Image 2022-03-17 at 3.01.35 PM.jpeg
	EndProjectSection
EndProject
Project("{9A19103F-16F7-4668-BE54-9A1E7A4F7556}") = "NovinMeyar.ApiGateway.Api", "ApiGateway\NovinMeyar.ApiGateway.Api\NovinMeyar.ApiGateway.Api.csproj", "{A451CD4D-1F04-4593-8881-A7B2D6C714ED}"
EndProject
Project("{9A19103F-16F7-4668-BE54-9A1E7A4F7556}") = "NovinMeyar.Finance.Api", "Finance\NovinMeyar.Finance.Api\NovinMeyar.Finance.Api.csproj", "{5A735974-C28F-4914-9451-4008CEDD56EE}"
EndProject
Project("{9A19103F-16F7-4668-BE54-9A1E7A4F7556}") = "NovinMeyar.Finance.Domain", "Finance\NovinMeyar.Finance.Domain\NovinMeyar.Finance.Domain.csproj", "{72916356-1976-497A-8C65-7A642AA1D59D}"
EndProject
Global
	GlobalSection(SolutionConfigurationPlatforms) = preSolution
		Debug|Any CPU = Debug|Any CPU
		KESTREL|Any CPU = KESTREL|Any CPU
		Release|Any CPU = Release|Any CPU
	EndGlobalSection
	GlobalSection(ProjectConfigurationPlatforms) = postSolution
		{EFCDFFFF-9232-482C-96A2-2E00FB5A4FD1}.Debug|Any CPU.ActiveCfg = Debug|Any CPU
		{EFCDFFFF-9232-482C-96A2-2E00FB5A4FD1}.Debug|Any CPU.Build.0 = Debug|Any CPU
		{EFCDFFFF-9232-482C-96A2-2E00FB5A4FD1}.KESTREL|Any CPU.ActiveCfg = KESTREL|Any CPU
		{EFCDFFFF-9232-482C-96A2-2E00FB5A4FD1}.KESTREL|Any CPU.Build.0 = KESTREL|Any CPU
		{EFCDFFFF-9232-482C-96A2-2E00FB5A4FD1}.Release|Any CPU.ActiveCfg = Release|Any CPU
		{EFCDFFFF-9232-482C-96A2-2E00FB5A4FD1}.Release|Any CPU.Build.0 = Release|Any CPU
		{DB46D2AA-C721-4881-8066-D89121B592C3}.Debug|Any CPU.ActiveCfg = Debug|Any CPU
		{DB46D2AA-C721-4881-8066-D89121B592C3}.Debug|Any CPU.Build.0 = Debug|Any CPU
		{DB46D2AA-C721-4881-8066-D89121B592C3}.KESTREL|Any CPU.ActiveCfg = KESTREL|Any CPU
		{DB46D2AA-C721-4881-8066-D89121B592C3}.KESTREL|Any CPU.Build.0 = KESTREL|Any CPU
		{DB46D2AA-C721-4881-8066-D89121B592C3}.Release|Any CPU.ActiveCfg = Release|Any CPU
		{DB46D2AA-C721-4881-8066-D89121B592C3}.Release|Any CPU.Build.0 = Release|Any CPU
		{12713B1E-403F-40D6-8709-C0671CD15C4A}.Debug|Any CPU.ActiveCfg = Debug|Any CPU
		{12713B1E-403F-40D6-8709-C0671CD15C4A}.Debug|Any CPU.Build.0 = Debug|Any CPU
		{12713B1E-403F-40D6-8709-C0671CD15C4A}.KESTREL|Any CPU.ActiveCfg = KESTREL|Any CPU
		{12713B1E-403F-40D6-8709-C0671CD15C4A}.KESTREL|Any CPU.Build.0 = KESTREL|Any CPU
		{12713B1E-403F-40D6-8709-C0671CD15C4A}.Release|Any CPU.ActiveCfg = Release|Any CPU
		{12713B1E-403F-40D6-8709-C0671CD15C4A}.Release|Any CPU.Build.0 = Release|Any CPU
		{1877B1C0-3266-4017-AF7E-0466551CBE08}.Debug|Any CPU.ActiveCfg = Debug|Any CPU
		{1877B1C0-3266-4017-AF7E-0466551CBE08}.Debug|Any CPU.Build.0 = Debug|Any CPU
		{1877B1C0-3266-4017-AF7E-0466551CBE08}.KESTREL|Any CPU.ActiveCfg = KESTREL|Any CPU
		{1877B1C0-3266-4017-AF7E-0466551CBE08}.KESTREL|Any CPU.Build.0 = KESTREL|Any CPU
		{1877B1C0-3266-4017-AF7E-0466551CBE08}.Release|Any CPU.ActiveCfg = Release|Any CPU
		{1877B1C0-3266-4017-AF7E-0466551CBE08}.Release|Any CPU.Build.0 = Release|Any CPU
		{46F0581B-AA1B-4D6A-AD97-9C90DBD1FA78}.Debug|Any CPU.ActiveCfg = Debug|Any CPU
		{46F0581B-AA1B-4D6A-AD97-9C90DBD1FA78}.Debug|Any CPU.Build.0 = Debug|Any CPU
		{46F0581B-AA1B-4D6A-AD97-9C90DBD1FA78}.KESTREL|Any CPU.ActiveCfg = KESTREL|Any CPU
		{46F0581B-AA1B-4D6A-AD97-9C90DBD1FA78}.KESTREL|Any CPU.Build.0 = KESTREL|Any CPU
		{46F0581B-AA1B-4D6A-AD97-9C90DBD1FA78}.Release|Any CPU.ActiveCfg = Release|Any CPU
		{46F0581B-AA1B-4D6A-AD97-9C90DBD1FA78}.Release|Any CPU.Build.0 = Release|Any CPU
		{E6CCC145-3955-44D0-A2C7-1CB339194BB2}.Debug|Any CPU.ActiveCfg = Debug|Any CPU
		{E6CCC145-3955-44D0-A2C7-1CB339194BB2}.Debug|Any CPU.Build.0 = Debug|Any CPU
		{E6CCC145-3955-44D0-A2C7-1CB339194BB2}.KESTREL|Any CPU.ActiveCfg = KESTREL|Any CPU
		{E6CCC145-3955-44D0-A2C7-1CB339194BB2}.KESTREL|Any CPU.Build.0 = KESTREL|Any CPU
		{E6CCC145-3955-44D0-A2C7-1CB339194BB2}.Release|Any CPU.ActiveCfg = Release|Any CPU
		{E6CCC145-3955-44D0-A2C7-1CB339194BB2}.Release|Any CPU.Build.0 = Release|Any CPU
		{D024BC46-BCA4-428A-A6DA-C556263740E5}.Debug|Any CPU.ActiveCfg = Debug|Any CPU
		{D024BC46-BCA4-428A-A6DA-C556263740E5}.Debug|Any CPU.Build.0 = Debug|Any CPU
		{D024BC46-BCA4-428A-A6DA-C556263740E5}.KESTREL|Any CPU.ActiveCfg = KESTREL|Any CPU
		{D024BC46-BCA4-428A-A6DA-C556263740E5}.KESTREL|Any CPU.Build.0 = KESTREL|Any CPU
		{D024BC46-BCA4-428A-A6DA-C556263740E5}.Release|Any CPU.ActiveCfg = Release|Any CPU
		{D024BC46-BCA4-428A-A6DA-C556263740E5}.Release|Any CPU.Build.0 = Release|Any CPU
		{29A85ECF-1D13-412B-A520-5D85347D7A4F}.Debug|Any CPU.ActiveCfg = Debug|Any CPU
		{29A85ECF-1D13-412B-A520-5D85347D7A4F}.Debug|Any CPU.Build.0 = Debug|Any CPU
		{29A85ECF-1D13-412B-A520-5D85347D7A4F}.KESTREL|Any CPU.ActiveCfg = KESTREL|Any CPU
		{29A85ECF-1D13-412B-A520-5D85347D7A4F}.KESTREL|Any CPU.Build.0 = KESTREL|Any CPU
		{29A85ECF-1D13-412B-A520-5D85347D7A4F}.Release|Any CPU.ActiveCfg = Release|Any CPU
		{29A85ECF-1D13-412B-A520-5D85347D7A4F}.Release|Any CPU.Build.0 = Release|Any CPU
		{9B5AF4C8-A405-4945-BDE6-0AA6881E22F9}.Debug|Any CPU.ActiveCfg = Debug|Any CPU
		{9B5AF4C8-A405-4945-BDE6-0AA6881E22F9}.Debug|Any CPU.Build.0 = Debug|Any CPU
		{9B5AF4C8-A405-4945-BDE6-0AA6881E22F9}.KESTREL|Any CPU.ActiveCfg = KESTREL|Any CPU
		{9B5AF4C8-A405-4945-BDE6-0AA6881E22F9}.KESTREL|Any CPU.Build.0 = KESTREL|Any CPU
		{9B5AF4C8-A405-4945-BDE6-0AA6881E22F9}.Release|Any CPU.ActiveCfg = Release|Any CPU
		{9B5AF4C8-A405-4945-BDE6-0AA6881E22F9}.Release|Any CPU.Build.0 = Release|Any CPU
		{2797817C-873C-4A8E-9F5C-D0AF862FAB0D}.Debug|Any CPU.ActiveCfg = Debug|Any CPU
		{2797817C-873C-4A8E-9F5C-D0AF862FAB0D}.Debug|Any CPU.Build.0 = Debug|Any CPU
		{2797817C-873C-4A8E-9F5C-D0AF862FAB0D}.KESTREL|Any CPU.ActiveCfg = KESTREL|Any CPU
		{2797817C-873C-4A8E-9F5C-D0AF862FAB0D}.KESTREL|Any CPU.Build.0 = KESTREL|Any CPU
		{2797817C-873C-4A8E-9F5C-D0AF862FAB0D}.Release|Any CPU.ActiveCfg = Release|Any CPU
		{2797817C-873C-4A8E-9F5C-D0AF862FAB0D}.Release|Any CPU.Build.0 = Release|Any CPU
		{479C4228-89A7-4480-9033-FA1F61DAA443}.Debug|Any CPU.ActiveCfg = Debug|Any CPU
		{479C4228-89A7-4480-9033-FA1F61DAA443}.Debug|Any CPU.Build.0 = Debug|Any CPU
		{479C4228-89A7-4480-9033-FA1F61DAA443}.KESTREL|Any CPU.ActiveCfg = KESTREL|Any CPU
		{479C4228-89A7-4480-9033-FA1F61DAA443}.KESTREL|Any CPU.Build.0 = KESTREL|Any CPU
		{479C4228-89A7-4480-9033-FA1F61DAA443}.Release|Any CPU.ActiveCfg = Release|Any CPU
		{479C4228-89A7-4480-9033-FA1F61DAA443}.Release|Any CPU.Build.0 = Release|Any CPU
		{C77AC0D9-7D39-49E7-B6AD-BFB24588D97C}.Debug|Any CPU.ActiveCfg = Debug|Any CPU
		{C77AC0D9-7D39-49E7-B6AD-BFB24588D97C}.Debug|Any CPU.Build.0 = Debug|Any CPU
		{C77AC0D9-7D39-49E7-B6AD-BFB24588D97C}.KESTREL|Any CPU.ActiveCfg = KESTREL|Any CPU
		{C77AC0D9-7D39-49E7-B6AD-BFB24588D97C}.KESTREL|Any CPU.Build.0 = KESTREL|Any CPU
		{C77AC0D9-7D39-49E7-B6AD-BFB24588D97C}.Release|Any CPU.ActiveCfg = Release|Any CPU
		{C77AC0D9-7D39-49E7-B6AD-BFB24588D97C}.Release|Any CPU.Build.0 = Release|Any CPU
		{7865B5CF-5E93-42E4-8949-63099C1BDD95}.Debug|Any CPU.ActiveCfg = Debug|Any CPU
		{7865B5CF-5E93-42E4-8949-63099C1BDD95}.Debug|Any CPU.Build.0 = Debug|Any CPU
		{7865B5CF-5E93-42E4-8949-63099C1BDD95}.KESTREL|Any CPU.ActiveCfg = KESTREL|Any CPU
		{7865B5CF-5E93-42E4-8949-63099C1BDD95}.KESTREL|Any CPU.Build.0 = KESTREL|Any CPU
		{7865B5CF-5E93-42E4-8949-63099C1BDD95}.Release|Any CPU.ActiveCfg = Release|Any CPU
		{7865B5CF-5E93-42E4-8949-63099C1BDD95}.Release|Any CPU.Build.0 = Release|Any CPU
		{54EB35E5-6F14-4F73-B253-7DC6FF0424D7}.Debug|Any CPU.ActiveCfg = Debug|Any CPU
		{54EB35E5-6F14-4F73-B253-7DC6FF0424D7}.Debug|Any CPU.Build.0 = Debug|Any CPU
		{54EB35E5-6F14-4F73-B253-7DC6FF0424D7}.KESTREL|Any CPU.ActiveCfg = KESTREL|Any CPU
		{54EB35E5-6F14-4F73-B253-7DC6FF0424D7}.KESTREL|Any CPU.Build.0 = KESTREL|Any CPU
		{54EB35E5-6F14-4F73-B253-7DC6FF0424D7}.Release|Any CPU.ActiveCfg = Release|Any CPU
		{54EB35E5-6F14-4F73-B253-7DC6FF0424D7}.Release|Any CPU.Build.0 = Release|Any CPU
		{FB9D6667-EC42-4F63-9A3D-94EB3FD13AB9}.Debug|Any CPU.ActiveCfg = Debug|Any CPU
		{FB9D6667-EC42-4F63-9A3D-94EB3FD13AB9}.Debug|Any CPU.Build.0 = Debug|Any CPU
		{FB9D6667-EC42-4F63-9A3D-94EB3FD13AB9}.KESTREL|Any CPU.ActiveCfg = KESTREL|Any CPU
		{FB9D6667-EC42-4F63-9A3D-94EB3FD13AB9}.KESTREL|Any CPU.Build.0 = KESTREL|Any CPU
		{FB9D6667-EC42-4F63-9A3D-94EB3FD13AB9}.Release|Any CPU.ActiveCfg = Release|Any CPU
		{FB9D6667-EC42-4F63-9A3D-94EB3FD13AB9}.Release|Any CPU.Build.0 = Release|Any CPU
		{3099A8D9-6A3C-43B0-B2BE-198418B4C882}.Debug|Any CPU.ActiveCfg = Debug|Any CPU
		{3099A8D9-6A3C-43B0-B2BE-198418B4C882}.Debug|Any CPU.Build.0 = Debug|Any CPU
		{3099A8D9-6A3C-43B0-B2BE-198418B4C882}.KESTREL|Any CPU.ActiveCfg = KESTREL|Any CPU
		{3099A8D9-6A3C-43B0-B2BE-198418B4C882}.KESTREL|Any CPU.Build.0 = KESTREL|Any CPU
		{3099A8D9-6A3C-43B0-B2BE-198418B4C882}.Release|Any CPU.ActiveCfg = Release|Any CPU
		{3099A8D9-6A3C-43B0-B2BE-198418B4C882}.Release|Any CPU.Build.0 = Release|Any CPU
		{C3397E35-2800-43C8-A755-83DC18F00B41}.Debug|Any CPU.ActiveCfg = Debug|Any CPU
		{C3397E35-2800-43C8-A755-83DC18F00B41}.Debug|Any CPU.Build.0 = Debug|Any CPU
		{C3397E35-2800-43C8-A755-83DC18F00B41}.KESTREL|Any CPU.ActiveCfg = KESTREL|Any CPU
		{C3397E35-2800-43C8-A755-83DC18F00B41}.KESTREL|Any CPU.Build.0 = KESTREL|Any CPU
		{C3397E35-2800-43C8-A755-83DC18F00B41}.Release|Any CPU.ActiveCfg = Release|Any CPU
		{C3397E35-2800-43C8-A755-83DC18F00B41}.Release|Any CPU.Build.0 = Release|Any CPU
		{94410438-C819-40BF-BC6D-BB7FEF52682F}.Debug|Any CPU.ActiveCfg = Debug|Any CPU
		{94410438-C819-40BF-BC6D-BB7FEF52682F}.Debug|Any CPU.Build.0 = Debug|Any CPU
		{94410438-C819-40BF-BC6D-BB7FEF52682F}.KESTREL|Any CPU.ActiveCfg = KESTREL|Any CPU
		{94410438-C819-40BF-BC6D-BB7FEF52682F}.KESTREL|Any CPU.Build.0 = KESTREL|Any CPU
		{94410438-C819-40BF-BC6D-BB7FEF52682F}.Release|Any CPU.ActiveCfg = Release|Any CPU
		{94410438-C819-40BF-BC6D-BB7FEF52682F}.Release|Any CPU.Build.0 = Release|Any CPU
		{FE11D7A9-E51C-4DE8-ACFF-26D6A3241106}.Debug|Any CPU.ActiveCfg = Debug|Any CPU
		{FE11D7A9-E51C-4DE8-ACFF-26D6A3241106}.Debug|Any CPU.Build.0 = Debug|Any CPU
		{FE11D7A9-E51C-4DE8-ACFF-26D6A3241106}.KESTREL|Any CPU.ActiveCfg = KESTREL|Any CPU
		{FE11D7A9-E51C-4DE8-ACFF-26D6A3241106}.KESTREL|Any CPU.Build.0 = KESTREL|Any CPU
		{FE11D7A9-E51C-4DE8-ACFF-26D6A3241106}.Release|Any CPU.ActiveCfg = Release|Any CPU
		{FE11D7A9-E51C-4DE8-ACFF-26D6A3241106}.Release|Any CPU.Build.0 = Release|Any CPU
		{239260AC-63BF-409E-92E5-963F95C72DDD}.Debug|Any CPU.ActiveCfg = Debug|Any CPU
		{239260AC-63BF-409E-92E5-963F95C72DDD}.Debug|Any CPU.Build.0 = Debug|Any CPU
		{239260AC-63BF-409E-92E5-963F95C72DDD}.KESTREL|Any CPU.ActiveCfg = KESTREL|Any CPU
		{239260AC-63BF-409E-92E5-963F95C72DDD}.KESTREL|Any CPU.Build.0 = KESTREL|Any CPU
		{239260AC-63BF-409E-92E5-963F95C72DDD}.Release|Any CPU.ActiveCfg = Release|Any CPU
		{239260AC-63BF-409E-92E5-963F95C72DDD}.Release|Any CPU.Build.0 = Release|Any CPU
		{20337C35-5E00-4376-B33D-8773317529A4}.Debug|Any CPU.ActiveCfg = Debug|Any CPU
		{20337C35-5E00-4376-B33D-8773317529A4}.Debug|Any CPU.Build.0 = Debug|Any CPU
		{20337C35-5E00-4376-B33D-8773317529A4}.KESTREL|Any CPU.ActiveCfg = KESTREL|Any CPU
		{20337C35-5E00-4376-B33D-8773317529A4}.KESTREL|Any CPU.Build.0 = KESTREL|Any CPU
		{20337C35-5E00-4376-B33D-8773317529A4}.Release|Any CPU.ActiveCfg = Release|Any CPU
		{20337C35-5E00-4376-B33D-8773317529A4}.Release|Any CPU.Build.0 = Release|Any CPU
		{0EF930D3-8F3B-420C-9481-113D703B7ECB}.Debug|Any CPU.ActiveCfg = Debug|Any CPU
		{0EF930D3-8F3B-420C-9481-113D703B7ECB}.Debug|Any CPU.Build.0 = Debug|Any CPU
		{0EF930D3-8F3B-420C-9481-113D703B7ECB}.KESTREL|Any CPU.ActiveCfg = KESTREL|Any CPU
		{0EF930D3-8F3B-420C-9481-113D703B7ECB}.KESTREL|Any CPU.Build.0 = KESTREL|Any CPU
		{0EF930D3-8F3B-420C-9481-113D703B7ECB}.Release|Any CPU.ActiveCfg = Release|Any CPU
		{0EF930D3-8F3B-420C-9481-113D703B7ECB}.Release|Any CPU.Build.0 = Release|Any CPU
		{E7E3D604-E399-475D-B47D-DED2B57AA811}.Debug|Any CPU.ActiveCfg = Debug|Any CPU
		{E7E3D604-E399-475D-B47D-DED2B57AA811}.Debug|Any CPU.Build.0 = Debug|Any CPU
		{E7E3D604-E399-475D-B47D-DED2B57AA811}.KESTREL|Any CPU.ActiveCfg = KESTREL|Any CPU
		{E7E3D604-E399-475D-B47D-DED2B57AA811}.KESTREL|Any CPU.Build.0 = KESTREL|Any CPU
		{E7E3D604-E399-475D-B47D-DED2B57AA811}.Release|Any CPU.ActiveCfg = Release|Any CPU
		{E7E3D604-E399-475D-B47D-DED2B57AA811}.Release|Any CPU.Build.0 = Release|Any CPU
		{A451CD4D-1F04-4593-8881-A7B2D6C714ED}.Debug|Any CPU.ActiveCfg = Debug|Any CPU
		{A451CD4D-1F04-4593-8881-A7B2D6C714ED}.Debug|Any CPU.Build.0 = Debug|Any CPU
		{A451CD4D-1F04-4593-8881-A7B2D6C714ED}.KESTREL|Any CPU.ActiveCfg = KESTREL|Any CPU
		{A451CD4D-1F04-4593-8881-A7B2D6C714ED}.KESTREL|Any CPU.Build.0 = KESTREL|Any CPU
		{A451CD4D-1F04-4593-8881-A7B2D6C714ED}.Release|Any CPU.ActiveCfg = Release|Any CPU
		{A451CD4D-1F04-4593-8881-A7B2D6C714ED}.Release|Any CPU.Build.0 = Release|Any CPU
		{5A735974-C28F-4914-9451-4008CEDD56EE}.Debug|Any CPU.ActiveCfg = Debug|Any CPU
		{5A735974-C28F-4914-9451-4008CEDD56EE}.Debug|Any CPU.Build.0 = Debug|Any CPU
		{5A735974-C28F-4914-9451-4008CEDD56EE}.KESTREL|Any CPU.ActiveCfg = KESTREL|Any CPU
		{5A735974-C28F-4914-9451-4008CEDD56EE}.KESTREL|Any CPU.Build.0 = KESTREL|Any CPU
		{5A735974-C28F-4914-9451-4008CEDD56EE}.Release|Any CPU.ActiveCfg = Release|Any CPU
		{5A735974-C28F-4914-9451-4008CEDD56EE}.Release|Any CPU.Build.0 = Release|Any CPU
		{72916356-1976-497A-8C65-7A642AA1D59D}.Debug|Any CPU.ActiveCfg = Debug|Any CPU
		{72916356-1976-497A-8C65-7A642AA1D59D}.Debug|Any CPU.Build.0 = Debug|Any CPU
		{72916356-1976-497A-8C65-7A642AA1D59D}.KESTREL|Any CPU.ActiveCfg = KESTREL|Any CPU
		{72916356-1976-497A-8C65-7A642AA1D59D}.KESTREL|Any CPU.Build.0 = KESTREL|Any CPU
		{72916356-1976-497A-8C65-7A642AA1D59D}.Release|Any CPU.ActiveCfg = Release|Any CPU
		{72916356-1976-497A-8C65-7A642AA1D59D}.Release|Any CPU.Build.0 = Release|Any CPU
	EndGlobalSection
	GlobalSection(SolutionProperties) = preSolution
		HideSolutionNode = FALSE
	EndGlobalSection
	GlobalSection(NestedProjects) = preSolution
		{FE94EF2E-553E-45D0-9061-1321573142B1} = {142E13FA-5E38-48C5-A790-C6D1EBA58ADF}
		{EFCDFFFF-9232-482C-96A2-2E00FB5A4FD1} = {FE94EF2E-553E-45D0-9061-1321573142B1}
		{DB46D2AA-C721-4881-8066-D89121B592C3} = {FE94EF2E-553E-45D0-9061-1321573142B1}
		{B5599D09-1F49-4944-8F82-0F6C1FA997A7} = {142E13FA-5E38-48C5-A790-C6D1EBA58ADF}
		{12713B1E-403F-40D6-8709-C0671CD15C4A} = {B5599D09-1F49-4944-8F82-0F6C1FA997A7}
		{1877B1C0-3266-4017-AF7E-0466551CBE08} = {B5599D09-1F49-4944-8F82-0F6C1FA997A7}
		{E13968C0-E45A-43CB-9871-DA1B3776E46E} = {142E13FA-5E38-48C5-A790-C6D1EBA58ADF}
		{46F0581B-AA1B-4D6A-AD97-9C90DBD1FA78} = {E13968C0-E45A-43CB-9871-DA1B3776E46E}
		{E6CCC145-3955-44D0-A2C7-1CB339194BB2} = {E13968C0-E45A-43CB-9871-DA1B3776E46E}
		{6A3E5D5D-3E05-47CE-BE1D-717880F29FC8} = {142E13FA-5E38-48C5-A790-C6D1EBA58ADF}
		{D024BC46-BCA4-428A-A6DA-C556263740E5} = {6A3E5D5D-3E05-47CE-BE1D-717880F29FC8}
		{29A85ECF-1D13-412B-A520-5D85347D7A4F} = {6A3E5D5D-3E05-47CE-BE1D-717880F29FC8}
		{7234CB4F-0356-45D2-AFEF-FA8E3F2113A5} = {142E13FA-5E38-48C5-A790-C6D1EBA58ADF}
		{9B5AF4C8-A405-4945-BDE6-0AA6881E22F9} = {7234CB4F-0356-45D2-AFEF-FA8E3F2113A5}
		{2797817C-873C-4A8E-9F5C-D0AF862FAB0D} = {7234CB4F-0356-45D2-AFEF-FA8E3F2113A5}
		{C9D4A490-7368-4AFD-A929-9D4AA9528554} = {142E13FA-5E38-48C5-A790-C6D1EBA58ADF}
		{479C4228-89A7-4480-9033-FA1F61DAA443} = {C9D4A490-7368-4AFD-A929-9D4AA9528554}
		{C77AC0D9-7D39-49E7-B6AD-BFB24588D97C} = {C9D4A490-7368-4AFD-A929-9D4AA9528554}
		{A63F97C5-AF92-4AC0-8A30-BAA4DDDE6B4B} = {142E13FA-5E38-48C5-A790-C6D1EBA58ADF}
		{7865B5CF-5E93-42E4-8949-63099C1BDD95} = {A63F97C5-AF92-4AC0-8A30-BAA4DDDE6B4B}
		{54EB35E5-6F14-4F73-B253-7DC6FF0424D7} = {A63F97C5-AF92-4AC0-8A30-BAA4DDDE6B4B}
		{4FA6E965-6FFB-4698-9466-887423D4BE8E} = {142E13FA-5E38-48C5-A790-C6D1EBA58ADF}
		{FB9D6667-EC42-4F63-9A3D-94EB3FD13AB9} = {4FA6E965-6FFB-4698-9466-887423D4BE8E}
		{3099A8D9-6A3C-43B0-B2BE-198418B4C882} = {B5599D09-1F49-4944-8F82-0F6C1FA997A7}
		{C3397E35-2800-43C8-A755-83DC18F00B41} = {B5599D09-1F49-4944-8F82-0F6C1FA997A7}
		{94410438-C819-40BF-BC6D-BB7FEF52682F} = {FE94EF2E-553E-45D0-9061-1321573142B1}
		{FE11D7A9-E51C-4DE8-ACFF-26D6A3241106} = {519796A3-8E2F-48E5-8A40-E96684B7E527}
		{239260AC-63BF-409E-92E5-963F95C72DDD} = {6A3E5D5D-3E05-47CE-BE1D-717880F29FC8}
		{20337C35-5E00-4376-B33D-8773317529A4} = {7234CB4F-0356-45D2-AFEF-FA8E3F2113A5}
		{0EF930D3-8F3B-420C-9481-113D703B7ECB} = {E13968C0-E45A-43CB-9871-DA1B3776E46E}
		{E7E3D604-E399-475D-B47D-DED2B57AA811} = {C9D4A490-7368-4AFD-A929-9D4AA9528554}
		{A451CD4D-1F04-4593-8881-A7B2D6C714ED} = {7B52333E-D9DB-41DF-904B-C430EC0428DD}
		{5A735974-C28F-4914-9451-4008CEDD56EE} = {4FA6E965-6FFB-4698-9466-887423D4BE8E}
		{72916356-1976-497A-8C65-7A642AA1D59D} = {4FA6E965-6FFB-4698-9466-887423D4BE8E}
	EndGlobalSection
	GlobalSection(ExtensibilityGlobals) = postSolution
		SolutionGuid = {A80F6F14-0C5F-41C6-8C6A-6356E461C525}
	EndGlobalSection
EndGlobal
